
Microsoft Visual Studio Solution File, Format Version 12.00
# Visual Studio Version 16
VisualStudioVersion = 25.0.1706.0
MinimumVisualStudioVersion = 10.0.40219.1
Project("{FAE04EC0-301F-11D3-BF4B-00C04F79EFBC}") = "implemant-CI-CD", "implemant-CI-CD\implemant-CI-CD.csproj", "{D7F76720-A92C-442F-AB03-1547931C80A1}"
EndProject
Global
	GlobalSection(SolutionConfigurationPlatforms) = preSolution
		Debug|Any CPU = Debug|Any CPU
		Release|Any CPU = Release|Any CPU
	EndGlobalSection
	GlobalSection(ProjectConfigurationPlatforms) = postSolution
		{D7F76720-A92C-442F-AB03-1547931C80A1}.Debug|Any CPU.ActiveCfg = Debug|Any CPU
		{D7F76720-A92C-442F-AB03-1547931C80A1}.Debug|Any CPU.Build.0 = Debug|Any CPU
		{D7F76720-A92C-442F-AB03-1547931C80A1}.Release|Any CPU.ActiveCfg = Release|Any CPU
		{D7F76720-A92C-442F-AB03-1547931C80A1}.Release|Any CPU.Build.0 = Release|Any CPU
		{3F78B5C7-A0C1-4DCA-85A9-CD8177455DD2}.Debug|Any CPU.ActiveCfg = Debug|Any CPU
		{3F78B5C7-A0C1-4DCA-85A9-CD8177455DD2}.Debug|Any CPU.Build.0 = Debug|Any CPU
		{3F78B5C7-A0C1-4DCA-85A9-CD8177455DD2}.Release|Any CPU.ActiveCfg = Release|Any CPU
		{3F78B5C7-A0C1-4DCA-85A9-CD8177455DD2}.Release|Any CPU.Build.0 = Release|Any CPU
	EndGlobalSection
	GlobalSection(SolutionProperties) = preSolution
		HideSolutionNode = FALSE
	EndGlobalSection
	GlobalSection(ExtensibilityGlobals) = postSolution
		SolutionGuid = {930E9A3C-5B88-4B61-836C-89DAB6B82748}
	EndGlobalSection
EndGlobal
